Microsoft Visual Studio Solution File, Format Version 12.00
# Visual Studio Version 17
VisualStudioVersion = 17.5.2.0
MinimumVisualStudioVersion = 10.0.40219.1
Project("{FAE04EC0-301F-11D3-BF4B-00C04F79EFBC}") = "proyect", "proyect.csproj", "{5F405C04-BD05-8171-9AE2-5B7BD490AAD5}"
EndProject
Global
	GlobalSection(SolutionConfigurationPlatforms) = preSolution
		Debug|Any CPU = Debug|Any CPU
		Release|Any CPU = Release|Any CPU
	EndGlobalSection
	GlobalSection(ProjectConfigurationPlatforms) = postSolution
		{5F405C04-BD05-8171-9AE2-5B7BD490AAD5}.Debug|Any CPU.ActiveCfg = Debug|Any CPU
		{5F405C04-BD05-8171-9AE2-5B7BD490AAD5}.Debug|Any CPU.Build.0 = Debug|Any CPU
		{5F405C04-BD05-8171-9AE2-5B7BD490AAD5}.Release|Any CPU.ActiveCfg = Release|Any CPU
		{5F405C04-BD05-8171-9AE2-5B7BD490AAD5}.Release|Any CPU.Build.0 = Release|Any CPU
	EndGlobalSection
	GlobalSection(SolutionProperties) = preSolution
		HideSolutionNode = FALSE
	EndGlobalSection
	GlobalSection(ExtensibilityGlobals) = postSolution
		SolutionGuid = {81F6A8C8-12B2-47E6-9920-640D315905CB}
	EndGlobalSection
EndGlobal
